// !$*UTF8*$!
{
	archiveVersion = 1;
	classes = {
	};
	objectVersion = 55;
	objects = {

/* Begin PBXBuildFile section */
		04B69F0628BE7B8E00430E72 /* AppDelegate.swift in Sources */ = {isa = PBXBuildFile; fileRef = 04B69F0528BE7B8E00430E72 /* AppDelegate.swift */; };
		04B69F0A28BE7B8E00430E72 /* MainViewController.swift in Sources */ = {isa = PBXBuildFile; fileRef = 04B69F0928BE7B8E00430E72 /* MainViewController.swift */; };
		04B69F0F28BE7B9000430E72 /* Assets.xcassets in Resources */ = {isa = PBXBuildFile; fileRef = 04B69F0E28BE7B9000430E72 /* Assets.xcassets */; };
		04B69F1C28BEA24F00430E72 /* Localizable.strings in Resources */ = {isa = PBXBuildFile; fileRef = 04B69F1E28BEA24F00430E72 /* Localizable.strings */; };
		04B69F2228BEA2FE00430E72 /* LaunchScreen.storyboard in Resources */ = {isa = PBXBuildFile; fileRef = 04B69F2428BEA2FE00430E72 /* LaunchScreen.storyboard */; };
		04B69F2C28BEB7D800430E72 /* Inter-Regular.otf in Resources */ = {isa = PBXBuildFile; fileRef = 04B69F2828BEB7D800430E72 /* Inter-Regular.otf */; };
		04B69F2D28BEB7D800430E72 /* Inter-Bold.ttf in Resources */ = {isa = PBXBuildFile; fileRef = 04B69F2928BEB7D800430E72 /* Inter-Bold.ttf */; };
		04B69F2E28BEB7D800430E72 /* Inter-Medium.otf in Resources */ = {isa = PBXBuildFile; fileRef = 04B69F2A28BEB7D800430E72 /* Inter-Medium.otf */; };
		04B69F2F28BEB7D800430E72 /* Inter-SemiBold.otf in Resources */ = {isa = PBXBuildFile; fileRef = 04B69F2B28BEB7D800430E72 /* Inter-SemiBold.otf */; };
		04BD926B28BEB8D2009BCAC6 /* Resources.swift in Sources */ = {isa = PBXBuildFile; fileRef = 04BD926A28BEB8D2009BCAC6 /* Resources.swift */; };
		04BD926D28BEB960009BCAC6 /* UIColor+Hex.swift in Sources */ = {isa = PBXBuildFile; fileRef = 04BD926C28BEB960009BCAC6 /* UIColor+Hex.swift */; };
		04BD927528BEC033009BCAC6 /* BaseViewController.swift in Sources */ = {isa = PBXBuildFile; fileRef = 04BD927428BEC033009BCAC6 /* BaseViewController.swift */; };
		04BD927728BEC047009BCAC6 /* BaseView.swift in Sources */ = {isa = PBXBuildFile; fileRef = 04BD927628BEC047009BCAC6 /* BaseView.swift */; };
		04BD927A28BEC2D9009BCAC6 /* Observable.swift in Sources */ = {isa = PBXBuildFile; fileRef = 04BD927928BEC2D9009BCAC6 /* Observable.swift */; };
		04BD927E28BEC687009BCAC6 /* MainView.swift in Sources */ = {isa = PBXBuildFile; fileRef = 04BD927D28BEC687009BCAC6 /* MainView.swift */; };
		04BD928028BEC6B9009BCAC6 /* SearchBar.swift in Sources */ = {isa = PBXBuildFile; fileRef = 04BD927F28BEC6B9009BCAC6 /* SearchBar.swift */; };
		04BD928228BEC779009BCAC6 /* UIImage+ModifiedUISearchBarHeight.swift in Sources */ = {isa = PBXBuildFile; fileRef = 04BD928128BEC779009BCAC6 /* UIImage+ModifiedUISearchBarHeight.swift */; };
		04BD928528BF36B9009BCAC6 /* TabsCollectionView.swift in Sources */ = {isa = PBXBuildFile; fileRef = 04BD928428BF36B9009BCAC6 /* TabsCollectionView.swift */; };
		04BD928728BF36D9009BCAC6 /* TabCollectionViewCell.swift in Sources */ = {isa = PBXBuildFile; fileRef = 04BD928628BF36D9009BCAC6 /* TabCollectionViewCell.swift */; };
		04BD928B28BF3724009BCAC6 /* ReuseIdentifiable.swift in Sources */ = {isa = PBXBuildFile; fileRef = 04BD928A28BF3724009BCAC6 /* ReuseIdentifiable.swift */; };
		04BD928D28BF3781009BCAC6 /* MainViewModel.swift in Sources */ = {isa = PBXBuildFile; fileRef = 04BD928C28BF3781009BCAC6 /* MainViewModel.swift */; };
		04BD929128BF37EA009BCAC6 /* TabCollectionViewCellModel.swift in Sources */ = {isa = PBXBuildFile; fileRef = 04BD929028BF37EA009BCAC6 /* TabCollectionViewCellModel.swift */; };
		04BD929328BF381A009BCAC6 /* Department.swift in Sources */ = {isa = PBXBuildFile; fileRef = 04BD929228BF381A009BCAC6 /* Department.swift */; };
		04BD929628BF3C88009BCAC6 /* UserTableView.swift in Sources */ = {isa = PBXBuildFile; fileRef = 04BD929528BF3C88009BCAC6 /* UserTableView.swift */; };
		04BD929828BF3CE5009BCAC6 /* UserTableViewCell.swift in Sources */ = {isa = PBXBuildFile; fileRef = 04BD929728BF3CE5009BCAC6 /* UserTableViewCell.swift */; };
		04BD929F28BF3D9E009BCAC6 /* GradientLayer.swift in Sources */ = {isa = PBXBuildFile; fileRef = 04BD929E28BF3D9E009BCAC6 /* GradientLayer.swift */; };
		04BD92A228BF4740009BCAC6 /* Item.swift in Sources */ = {isa = PBXBuildFile; fileRef = 04BD92A128BF4740009BCAC6 /* Item.swift */; };
		04BD92A528BF475F009BCAC6 /* NetworkTask.swift in Sources */ = {isa = PBXBuildFile; fileRef = 04BD92A428BF475F009BCAC6 /* NetworkTask.swift */; };
		04BD92A728BF477D009BCAC6 /* BaseNetworkTask.swift in Sources */ = {isa = PBXBuildFile; fileRef = 04BD92A628BF477D009BCAC6 /* BaseNetworkTask.swift */; };
		04BD92AC28BF47AC009BCAC6 /* HTTPMethod.swift in Sources */ = {isa = PBXBuildFile; fileRef = 04BD92AB28BF47AC009BCAC6 /* HTTPMethod.swift */; };
		04BD92AE28BF47B8009BCAC6 /* EmptyModel.swift in Sources */ = {isa = PBXBuildFile; fileRef = 04BD92AD28BF47B8009BCAC6 /* EmptyModel.swift */; };
		04BD92B128BF487F009BCAC6 /* UsersService.swift in Sources */ = {isa = PBXBuildFile; fileRef = 04BD92B028BF487F009BCAC6 /* UsersService.swift */; };
		04BD92B328BF488E009BCAC6 /* UserModel.swift in Sources */ = {isa = PBXBuildFile; fileRef = 04BD92B228BF488E009BCAC6 /* UserModel.swift */; };
		04BD92B728BF48FF009BCAC6 /* ImageLoader.swift in Sources */ = {isa = PBXBuildFile; fileRef = 04BD92B628BF48FF009BCAC6 /* ImageLoader.swift */; };
		04BD92B928BF490F009BCAC6 /* UIImageView+ImageLoader.swift in Sources */ = {isa = PBXBuildFile; fileRef = 04BD92B828BF490F009BCAC6 /* UIImageView+ImageLoader.swift */; };
		04BD92BB28BF49F7009BCAC6 /* UserTableViewCellModel.swift in Sources */ = {isa = PBXBuildFile; fileRef = 04BD92BA28BF49F7009BCAC6 /* UserTableViewCellModel.swift */; };
		04BD92BE28BF5980009BCAC6 /* Date+MonthDay.swift in Sources */ = {isa = PBXBuildFile; fileRef = 04BD92BD28BF5980009BCAC6 /* Date+MonthDay.swift */; };
		04BD92C128BF5B30009BCAC6 /* Int+Numbers.swift in Sources */ = {isa = PBXBuildFile; fileRef = 04BD92C028BF5B30009BCAC6 /* Int+Numbers.swift */; };
		04BD92C328BF5B90009BCAC6 /* UserHeaderView.swift in Sources */ = {isa = PBXBuildFile; fileRef = 04BD92C228BF5B90009BCAC6 /* UserHeaderView.swift */; };
		04BD92C528BF61D0009BCAC6 /* NoSearchResultView.swift in Sources */ = {isa = PBXBuildFile; fileRef = 04BD92C428BF61CF009BCAC6 /* NoSearchResultView.swift */; };
		04BD92C928BF668E009BCAC6 /* FilterViewController.swift in Sources */ = {isa = PBXBuildFile; fileRef = 04BD92C828BF668E009BCAC6 /* FilterViewController.swift */; };
		04BD92CB28BF669F009BCAC6 /* FilterView.swift in Sources */ = {isa = PBXBuildFile; fileRef = 04BD92CA28BF669F009BCAC6 /* FilterView.swift */; };
		04BD92CD28BF66B1009BCAC6 /* RadioButton.swift in Sources */ = {isa = PBXBuildFile; fileRef = 04BD92CC28BF66B1009BCAC6 /* RadioButton.swift */; };
		04BD92CF28BF66C3009BCAC6 /* RadioButtonController.swift in Sources */ = {isa = PBXBuildFile; fileRef = 04BD92CE28BF66C3009BCAC6 /* RadioButtonController.swift */; };
		04BD92D128BF66DC009BCAC6 /* FilterViewModel.swift in Sources */ = {isa = PBXBuildFile; fileRef = 04BD92D028BF66DC009BCAC6 /* FilterViewModel.swift */; };
		04BD92D428BF670B009BCAC6 /* FilterType.swift in Sources */ = {isa = PBXBuildFile; fileRef = 04BD92D328BF670B009BCAC6 /* FilterType.swift */; };
		04BD92D928BF6AED009BCAC6 /* DetailsViewController.swift in Sources */ = {isa = PBXBuildFile; fileRef = 04BD92D828BF6AED009BCAC6 /* DetailsViewController.swift */; };
		04BD92DB28BF6B14009BCAC6 /* DetailsView.swift in Sources */ = {isa = PBXBuildFile; fileRef = 04BD92DA28BF6B14009BCAC6 /* DetailsView.swift */; };
		04BD92DD28BF6B2D009BCAC6 /* InfoTableView.swift in Sources */ = {isa = PBXBuildFile; fileRef = 04BD92DC28BF6B2D009BCAC6 /* InfoTableView.swift */; };
		04BD92E628BF6BA6009BCAC6 /* DetailsViewModel.swift in Sources */ = {isa = PBXBuildFile; fileRef = 04BD92E528BF6BA6009BCAC6 /* DetailsViewModel.swift */; };
		04BD92ED28BF6C09009BCAC6 /* Int+WordAge.swift in Sources */ = {isa = PBXBuildFile; fileRef = 04BD92EC28BF6C09009BCAC6 /* Int+WordAge.swift */; };
		04BD92EF28BF6CE5009BCAC6 /* BackBarButtonItem.swift in Sources */ = {isa = PBXBuildFile; fileRef = 04BD92EE28BF6CE5009BCAC6 /* BackBarButtonItem.swift */; };
		04BD92F228BF6FEF009BCAC6 /* NetworkMonitor.swift in Sources */ = {isa = PBXBuildFile; fileRef = 04BD92F128BF6FEF009BCAC6 /* NetworkMonitor.swift */; };
		04BD92F428BF7067009BCAC6 /* NoInternetView.swift in Sources */ = {isa = PBXBuildFile; fileRef = 04BD92F328BF7067009BCAC6 /* NoInternetView.swift */; };
		04BD92F628BF76CD009BCAC6 /* InternalErrorViewController.swift in Sources */ = {isa = PBXBuildFile; fileRef = 04BD92F528BF76CC009BCAC6 /* InternalErrorViewController.swift */; };
		04BD92F828BF76D0009BCAC6 /* InternalErrorView.swift in Sources */ = {isa = PBXBuildFile; fileRef = 04BD92F728BF76D0009BCAC6 /* InternalErrorView.swift */; };
		04BD931C28C10F61009BCAC6 /* InfoTableViewCell.swift in Sources */ = {isa = PBXBuildFile; fileRef = 04BD931B28C10F61009BCAC6 /* InfoTableViewCell.swift */; };
		04BD932128C1117F009BCAC6 /* InfoTableViewCellModel.swift in Sources */ = {isa = PBXBuildFile; fileRef = 04BD932028C1117F009BCAC6 /* InfoTableViewCellModel.swift */; };
		04BD932328C1E67F009BCAC6 /* UIViewController + TopBarHeight.swift in Sources */ = {isa = PBXBuildFile; fileRef = 04BD932228C1E67F009BCAC6 /* UIViewController + TopBarHeight.swift */; };
		824206A9F22FA247FDED31AE /* Pods_kode_practice.framework in Frameworks */ = {isa = PBXBuildFile; fileRef = 894C511924CFB0ACD8484140 /* Pods_kode_practice.framework */; };
/* End PBXBuildFile section */

/* Begin PBXFileReference section */
		04B69F0228BE7B8E00430E72 /* kode-practice.app */ = {isa = PBXFileReference; explicitFileType = wrapper.application; includeInIndex = 0; path = "kode-practice.app"; sourceTree = BUILT_PRODUCTS_DIR; };
		04B69F0528BE7B8E00430E72 /* AppDelegate.swift */ = {isa = PBXFileReference; lastKnownFileType = sourcecode.swift; path = AppDelegate.swift; sourceTree = "<group>"; };
		04B69F0928BE7B8E00430E72 /* MainViewController.swift */ = {isa = PBXFileReference; lastKnownFileType = sourcecode.swift; path = MainViewController.swift; sourceTree = "<group>"; };
		04B69F0E28BE7B9000430E72 /* Assets.xcassets */ = {isa = PBXFileReference; lastKnownFileType = folder.assetcatalog; path = Assets.xcassets; sourceTree = "<group>"; };
		04B69F1D28BEA24F00430E72 /* en */ = {isa = PBXFileReference; lastKnownFileType = text.plist.strings; name = en; path = en.lproj/Localizable.strings; sourceTree = "<group>"; };
		04B69F1F28BEA25100430E72 /* ru */ = {isa = PBXFileReference; lastKnownFileType = text.plist.strings; name = ru; path = ru.lproj/Localizable.strings; sourceTree = "<group>"; };
		04B69F2328BEA2FE00430E72 /* Base */ = {isa = PBXFileReference; lastKnownFileType = file.storyboard; name = Base; path = Base.lproj/LaunchScreen.storyboard; sourceTree = "<group>"; };
		04B69F2628BEA30100430E72 /* ru */ = {isa = PBXFileReference; lastKnownFileType = text.plist.strings; name = ru; path = ru.lproj/LaunchScreen.strings; sourceTree = "<group>"; };
		04B69F2828BEB7D800430E72 /* Inter-Regular.otf */ = {isa = PBXFileReference; lastKnownFileType = file; path = "Inter-Regular.otf"; sourceTree = "<group>"; };
		04B69F2928BEB7D800430E72 /* Inter-Bold.ttf */ = {isa = PBXFileReference; lastKnownFileType = file; path = "Inter-Bold.ttf"; sourceTree = "<group>"; };
		04B69F2A28BEB7D800430E72 /* Inter-Medium.otf */ = {isa = PBXFileReference; lastKnownFileType = file; path = "Inter-Medium.otf"; sourceTree = "<group>"; };
		04B69F2B28BEB7D800430E72 /* Inter-SemiBold.otf */ = {isa = PBXFileReference; lastKnownFileType = file; path = "Inter-SemiBold.otf"; sourceTree = "<group>"; };
		04B69F3028BEB7ED00430E72 /* Info.plist */ = {isa = PBXFileReference; fileEncoding = 4; lastKnownFileType = text.plist.xml; path = Info.plist; sourceTree = "<group>"; };
		04BD926A28BEB8D2009BCAC6 /* Resources.swift */ = {isa = PBXFileReference; lastKnownFileType = sourcecode.swift; path = Resources.swift; sourceTree = "<group>"; };
		04BD926C28BEB960009BCAC6 /* UIColor+Hex.swift */ = {isa = PBXFileReference; lastKnownFileType = sourcecode.swift; path = "UIColor+Hex.swift"; sourceTree = "<group>"; };
		04BD927428BEC033009BCAC6 /* BaseViewController.swift */ = {isa = PBXFileReference; lastKnownFileType = sourcecode.swift; path = BaseViewController.swift; sourceTree = "<group>"; };
		04BD927628BEC047009BCAC6 /* BaseView.swift */ = {isa = PBXFileReference; lastKnownFileType = sourcecode.swift; path = BaseView.swift; sourceTree = "<group>"; };
		04BD927928BEC2D9009BCAC6 /* Observable.swift */ = {isa = PBXFileReference; lastKnownFileType = sourcecode.swift; path = Observable.swift; sourceTree = "<group>"; };
		04BD927D28BEC687009BCAC6 /* MainView.swift */ = {isa = PBXFileReference; lastKnownFileType = sourcecode.swift; path = MainView.swift; sourceTree = "<group>"; };
		04BD927F28BEC6B9009BCAC6 /* SearchBar.swift */ = {isa = PBXFileReference; lastKnownFileType = sourcecode.swift; path = SearchBar.swift; sourceTree = "<group>"; };
		04BD928128BEC779009BCAC6 /* UIImage+ModifiedUISearchBarHeight.swift */ = {isa = PBXFileReference; lastKnownFileType = sourcecode.swift; path = "UIImage+ModifiedUISearchBarHeight.swift"; sourceTree = "<group>"; };
		04BD928428BF36B9009BCAC6 /* TabsCollectionView.swift */ = {isa = PBXFileReference; lastKnownFileType = sourcecode.swift; path = TabsCollectionView.swift; sourceTree = "<group>"; };
		04BD928628BF36D9009BCAC6 /* TabCollectionViewCell.swift */ = {isa = PBXFileReference; lastKnownFileType = sourcecode.swift; path = TabCollectionViewCell.swift; sourceTree = "<group>"; };
		04BD928A28BF3724009BCAC6 /* ReuseIdentifiable.swift */ = {isa = PBXFileReference; lastKnownFileType = sourcecode.swift; path = ReuseIdentifiable.swift; sourceTree = "<group>"; };
		04BD928C28BF3781009BCAC6 /* MainViewModel.swift */ = {isa = PBXFileReference; lastKnownFileType = sourcecode.swift; path = MainViewModel.swift; sourceTree = "<group>"; };
		04BD929028BF37EA009BCAC6 /* TabCollectionViewCellModel.swift */ = {isa = PBXFileReference; lastKnownFileType = sourcecode.swift; path = TabCollectionViewCellModel.swift; sourceTree = "<group>"; };
		04BD929228BF381A009BCAC6 /* Department.swift */ = {isa = PBXFileReference; lastKnownFileType = sourcecode.swift; path = Department.swift; sourceTree = "<group>"; };
		04BD929528BF3C88009BCAC6 /* UserTableView.swift */ = {isa = PBXFileReference; lastKnownFileType = sourcecode.swift; path = UserTableView.swift; sourceTree = "<group>"; };
		04BD929728BF3CE5009BCAC6 /* UserTableViewCell.swift */ = {isa = PBXFileReference; lastKnownFileType = sourcecode.swift; path = UserTableViewCell.swift; sourceTree = "<group>"; };
		04BD929E28BF3D9E009BCAC6 /* GradientLayer.swift */ = {isa = PBXFileReference; lastKnownFileType = sourcecode.swift; path = GradientLayer.swift; sourceTree = "<group>"; };
		04BD92A128BF4740009BCAC6 /* Item.swift */ = {isa = PBXFileReference; lastKnownFileType = sourcecode.swift; path = Item.swift; sourceTree = "<group>"; };
		04BD92A428BF475F009BCAC6 /* NetworkTask.swift */ = {isa = PBXFileReference; lastKnownFileType = sourcecode.swift; path = NetworkTask.swift; sourceTree = "<group>"; };
		04BD92A628BF477D009BCAC6 /* BaseNetworkTask.swift */ = {isa = PBXFileReference; lastKnownFileType = sourcecode.swift; path = BaseNetworkTask.swift; sourceTree = "<group>"; };
		04BD92AB28BF47AC009BCAC6 /* HTTPMethod.swift */ = {isa = PBXFileReference; lastKnownFileType = sourcecode.swift; path = HTTPMethod.swift; sourceTree = "<group>"; };
		04BD92AD28BF47B8009BCAC6 /* EmptyModel.swift */ = {isa = PBXFileReference; lastKnownFileType = sourcecode.swift; path = EmptyModel.swift; sourceTree = "<group>"; };
		04BD92B028BF487F009BCAC6 /* UsersService.swift */ = {isa = PBXFileReference; lastKnownFileType = sourcecode.swift; path = UsersService.swift; sourceTree = "<group>"; };
		04BD92B228BF488E009BCAC6 /* UserModel.swift */ = {isa = PBXFileReference; lastKnownFileType = sourcecode.swift; path = UserModel.swift; sourceTree = "<group>"; };
		04BD92B628BF48FF009BCAC6 /* ImageLoader.swift */ = {isa = PBXFileReference; lastKnownFileType = sourcecode.swift; path = ImageLoader.swift; sourceTree = "<group>"; };
		04BD92B828BF490F009BCAC6 /* UIImageView+ImageLoader.swift */ = {isa = PBXFileReference; lastKnownFileType = sourcecode.swift; path = "UIImageView+ImageLoader.swift"; sourceTree = "<group>"; };
		04BD92BA28BF49F7009BCAC6 /* UserTableViewCellModel.swift */ = {isa = PBXFileReference; lastKnownFileType = sourcecode.swift; path = UserTableViewCellModel.swift; sourceTree = "<group>"; };
		04BD92BD28BF5980009BCAC6 /* Date+MonthDay.swift */ = {isa = PBXFileReference; lastKnownFileType = sourcecode.swift; path = "Date+MonthDay.swift"; sourceTree = "<group>"; };
		04BD92C028BF5B30009BCAC6 /* Int+Numbers.swift */ = {isa = PBXFileReference; lastKnownFileType = sourcecode.swift; path = "Int+Numbers.swift"; sourceTree = "<group>"; };
		04BD92C228BF5B90009BCAC6 /* UserHeaderView.swift */ = {isa = PBXFileReference; lastKnownFileType = sourcecode.swift; path = UserHeaderView.swift; sourceTree = "<group>"; };
		04BD92C428BF61CF009BCAC6 /* NoSearchResultView.swift */ = {isa = PBXFileReference; lastKnownFileType = sourcecode.swift; path = NoSearchResultView.swift; sourceTree = "<group>"; };
		04BD92C828BF668E009BCAC6 /* FilterViewController.swift */ = {isa = PBXFileReference; lastKnownFileType = sourcecode.swift; path = FilterViewController.swift; sourceTree = "<group>"; };
		04BD92CA28BF669F009BCAC6 /* FilterView.swift */ = {isa = PBXFileReference; lastKnownFileType = sourcecode.swift; path = FilterView.swift; sourceTree = "<group>"; };
		04BD92CC28BF66B1009BCAC6 /* RadioButton.swift */ = {isa = PBXFileReference; lastKnownFileType = sourcecode.swift; path = RadioButton.swift; sourceTree = "<group>"; };
		04BD92CE28BF66C3009BCAC6 /* RadioButtonController.swift */ = {isa = PBXFileReference; lastKnownFileType = sourcecode.swift; path = RadioButtonController.swift; sourceTree = "<group>"; };
		04BD92D028BF66DC009BCAC6 /* FilterViewModel.swift */ = {isa = PBXFileReference; lastKnownFileType = sourcecode.swift; path = FilterViewModel.swift; sourceTree = "<group>"; };
		04BD92D328BF670B009BCAC6 /* FilterType.swift */ = {isa = PBXFileReference; lastKnownFileType = sourcecode.swift; path = FilterType.swift; sourceTree = "<group>"; };
		04BD92D828BF6AED009BCAC6 /* DetailsViewController.swift */ = {isa = PBXFileReference; lastKnownFileType = sourcecode.swift; path = DetailsViewController.swift; sourceTree = "<group>"; };
		04BD92DA28BF6B14009BCAC6 /* DetailsView.swift */ = {isa = PBXFileReference; lastKnownFileType = sourcecode.swift; path = DetailsView.swift; sourceTree = "<group>"; };
		04BD92DC28BF6B2D009BCAC6 /* InfoTableView.swift */ = {isa = PBXFileReference; lastKnownFileType = sourcecode.swift; path = InfoTableView.swift; sourceTree = "<group>"; };
		04BD92E528BF6BA6009BCAC6 /* DetailsViewModel.swift */ = {isa = PBXFileReference; lastKnownFileType = sourcecode.swift; path = DetailsViewModel.swift; sourceTree = "<group>"; };
		04BD92EC28BF6C09009BCAC6 /* Int+WordAge.swift */ = {isa = PBXFileReference; lastKnownFileType = sourcecode.swift; path = "Int+WordAge.swift"; sourceTree = "<group>"; };
		04BD92EE28BF6CE5009BCAC6 /* BackBarButtonItem.swift */ = {isa = PBXFileReference; lastKnownFileType = sourcecode.swift; path = BackBarButtonItem.swift; sourceTree = "<group>"; };
		04BD92F128BF6FEF009BCAC6 /* NetworkMonitor.swift */ = {isa = PBXFileReference; lastKnownFileType = sourcecode.swift; path = NetworkMonitor.swift; sourceTree = "<group>"; };
		04BD92F328BF7067009BCAC6 /* NoInternetView.swift */ = {isa = PBXFileReference; lastKnownFileType = sourcecode.swift; path = NoInternetView.swift; sourceTree = "<group>"; };
		04BD92F528BF76CC009BCAC6 /* InternalErrorViewController.swift */ = {isa = PBXFileReference; lastKnownFileType = sourcecode.swift; path = InternalErrorViewController.swift; sourceTree = "<group>"; };
		04BD92F728BF76D0009BCAC6 /* InternalErrorView.swift */ = {isa = PBXFileReference; lastKnownFileType = sourcecode.swift; path = InternalErrorView.swift; sourceTree = "<group>"; };
		04BD931B28C10F61009BCAC6 /* InfoTableViewCell.swift */ = {isa = PBXFileReference; lastKnownFileType = sourcecode.swift; path = InfoTableViewCell.swift; sourceTree = "<group>"; };
		04BD932028C1117F009BCAC6 /* InfoTableViewCellModel.swift */ = {isa = PBXFileReference; lastKnownFileType = sourcecode.swift; path = InfoTableViewCellModel.swift; sourceTree = "<group>"; };
		04BD932228C1E67F009BCAC6 /* UIViewController + TopBarHeight.swift */ = {isa = PBXFileReference; lastKnownFileType = sourcecode.swift; path = "UIViewController + TopBarHeight.swift"; sourceTree = "<group>"; };
		894C511924CFB0ACD8484140 /* Pods_kode_practice.framework */ = {isa = PBXFileReference; explicitFileType = wrapper.framework; includeInIndex = 0; path = Pods_kode_practice.framework; sourceTree = BUILT_PRODUCTS_DIR; };
		AFFA867C8A5FFDED63EE852D /* Pods-kode-practice.debug.xcconfig */ = {isa = PBXFileReference; includeInIndex = 1; lastKnownFileType = text.xcconfig; name = "Pods-kode-practice.debug.xcconfig"; path = "Target Support Files/Pods-kode-practice/Pods-kode-practice.debug.xcconfig"; sourceTree = "<group>"; };
		D4698D22B4AFDB35506F9D79 /* Pods-kode-practice.release.xcconfig */ = {isa = PBXFileReference; includeInIndex = 1; lastKnownFileType = text.xcconfig; name = "Pods-kode-practice.release.xcconfig"; path = "Target Support Files/Pods-kode-practice/Pods-kode-practice.release.xcconfig"; sourceTree = "<group>"; };
/* End PBXFileReference section */

/* Begin PBXFrameworksBuildPhase section */
		04B69EFF28BE7B8E00430E72 /* Frameworks */ = {
			isa = PBXFrameworksBuildPhase;
			buildActionMask = 2147483647;
			files = (
				824206A9F22FA247FDED31AE /* Pods_kode_practice.framework in Frameworks */,
			);
			runOnlyForDeploymentPostprocessing = 0;
		};
/* End PBXFrameworksBuildPhase section */

/* Begin PBXGroup section */
		04B69EF928BE7B8E00430E72 = {
			isa = PBXGroup;
			children = (
				04B69F0428BE7B8E00430E72 /* kode-practice */,
				04B69F0328BE7B8E00430E72 /* Products */,
				60BEB45A9A196D799887857E /* Pods */,
				B81A639654B6FE8C35A3F00E /* Frameworks */,
			);
			sourceTree = "<group>";
		};
		04B69F0328BE7B8E00430E72 /* Products */ = {
			isa = PBXGroup;
			children = (
				04B69F0228BE7B8E00430E72 /* kode-practice.app */,
			);
			name = Products;
			sourceTree = "<group>";
		};
		04B69F0428BE7B8E00430E72 /* kode-practice */ = {
			isa = PBXGroup;
			children = (
				04BD927328BEBBCE009BCAC6 /* Sources */,
				04BD927128BEBB9E009BCAC6 /* Resources */,
				04B69F3028BEB7ED00430E72 /* Info.plist */,
			);
			path = "kode-practice";
			sourceTree = "<group>";
		};
		04B69F2728BEB7D800430E72 /* Fonts */ = {
			isa = PBXGroup;
			children = (
				04B69F2828BEB7D800430E72 /* Inter-Regular.otf */,
				04B69F2928BEB7D800430E72 /* Inter-Bold.ttf */,
				04B69F2A28BEB7D800430E72 /* Inter-Medium.otf */,
				04B69F2B28BEB7D800430E72 /* Inter-SemiBold.otf */,
			);
			path = Fonts;
			sourceTree = "<group>";
		};
		04BD926E28BEBB77009BCAC6 /* Supporting */ = {
			isa = PBXGroup;
			children = (
				04BD927228BEBBAE009BCAC6 /* Application */,
				04BD927028BEBB92009BCAC6 /* Extensions */,
				04BD927B28BEC2E1009BCAC6 /* Bindings */,
				04BD927828BEC05C009BCAC6 /* Base */,
			);
			path = Supporting;
			sourceTree = "<group>";
		};
		04BD926F28BEBB81009BCAC6 /* Modules */ = {
			isa = PBXGroup;
			children = (
				04BD927C28BEC663009BCAC6 /* Main */,
				04BD92C628BF6678009BCAC6 /* Filter */,
				04BD92D528BF6AA7009BCAC6 /* Details */,
				04BD92F928BF778B009BCAC6 /* InternalError */,
			);
			path = Modules;
			sourceTree = "<group>";
		};
		04BD927028BEBB92009BCAC6 /* Extensions */ = {
			isa = PBXGroup;
			children = (
				04BD92BF28BF5984009BCAC6 /* Foundation */,
				04BD928328BEC79D009BCAC6 /* UIKit */,
				04BD928A28BF3724009BCAC6 /* ReuseIdentifiable.swift */,
				04BD929E28BF3D9E009BCAC6 /* GradientLayer.swift */,
			);
			path = Extensions;
			sourceTree = "<group>";
		};
		04BD927128BEBB9E009BCAC6 /* Resources */ = {
			isa = PBXGroup;
			children = (
				04BD926A28BEB8D2009BCAC6 /* Resources.swift */,
				04B69F0E28BE7B9000430E72 /* Assets.xcassets */,
				04B69F2428BEA2FE00430E72 /* LaunchScreen.storyboard */,
				04B69F1E28BEA24F00430E72 /* Localizable.strings */,
				04B69F2728BEB7D800430E72 /* Fonts */,
			);
			path = Resources;
			sourceTree = "<group>";
		};
		04BD927228BEBBAE009BCAC6 /* Application */ = {
			isa = PBXGroup;
			children = (
				04B69F0528BE7B8E00430E72 /* AppDelegate.swift */,
			);
			path = Application;
			sourceTree = "<group>";
		};
		04BD927328BEBBCE009BCAC6 /* Sources */ = {
			isa = PBXGroup;
			children = (
				04BD92A028BF4731009BCAC6 /* Services */,
				04BD926F28BEBB81009BCAC6 /* Modules */,
				04BD926E28BEBB77009BCAC6 /* Supporting */,
			);
			path = Sources;
			sourceTree = "<group>";
		};
		04BD927828BEC05C009BCAC6 /* Base */ = {
			isa = PBXGroup;
			children = (
				04BD927428BEC033009BCAC6 /* BaseViewController.swift */,
				04BD927628BEC047009BCAC6 /* BaseView.swift */,
			);
			path = Base;
			sourceTree = "<group>";
		};
		04BD927B28BEC2E1009BCAC6 /* Bindings */ = {
			isa = PBXGroup;
			children = (
				04BD927928BEC2D9009BCAC6 /* Observable.swift */,
			);
			path = Bindings;
			sourceTree = "<group>";
		};
		04BD927C28BEC663009BCAC6 /* Main */ = {
			isa = PBXGroup;
			children = (
				04BD928F28BF379D009BCAC6 /* View */,
				04BD92BC28BF49FF009BCAC6 /* Model */,
				04BD928E28BF3787009BCAC6 /* ViewModel */,
			);
			path = Main;
			sourceTree = "<group>";
		};
		04BD928328BEC79D009BCAC6 /* UIKit */ = {
			isa = PBXGroup;
			children = (
				04BD932228C1E67F009BCAC6 /* UIViewController + TopBarHeight.swift */,
				04BD928128BEC779009BCAC6 /* UIImage+ModifiedUISearchBarHeight.swift */,
				04BD926C28BEB960009BCAC6 /* UIColor+Hex.swift */,
			);
			path = UIKit;
			sourceTree = "<group>";
		};
		04BD928828BF36DC009BCAC6 /* Cells */ = {
			isa = PBXGroup;
			children = (
				04BD928928BF36E6009BCAC6 /* TabCell */,
				04BD929928BF3CF7009BCAC6 /* UserCell */,
			);
			path = Cells;
			sourceTree = "<group>";
		};
		04BD928928BF36E6009BCAC6 /* TabCell */ = {
			isa = PBXGroup;
			children = (
				04BD928628BF36D9009BCAC6 /* TabCollectionViewCell.swift */,
			);
			path = TabCell;
			sourceTree = "<group>";
		};
		04BD928E28BF3787009BCAC6 /* ViewModel */ = {
			isa = PBXGroup;
			children = (
				04BD928C28BF3781009BCAC6 /* MainViewModel.swift */,
				04BD92D328BF670B009BCAC6 /* FilterType.swift */,
			);
			path = ViewModel;
			sourceTree = "<group>";
		};
		04BD928F28BF379D009BCAC6 /* View */ = {
			isa = PBXGroup;
			children = (
				04BD928828BF36DC009BCAC6 /* Cells */,
				04B69F0928BE7B8E00430E72 /* MainViewController.swift */,
				04BD927D28BEC687009BCAC6 /* MainView.swift */,
				04BD927F28BEC6B9009BCAC6 /* SearchBar.swift */,
				04BD92C428BF61CF009BCAC6 /* NoSearchResultView.swift */,
				04BD92F328BF7067009BCAC6 /* NoInternetView.swift */,
				04BD928428BF36B9009BCAC6 /* TabsCollectionView.swift */,
				04BD929528BF3C88009BCAC6 /* UserTableView.swift */,
				04BD92C228BF5B90009BCAC6 /* UserHeaderView.swift */,
			);
			path = View;
			sourceTree = "<group>";
		};
		04BD929428BF3828009BCAC6 /* DTO */ = {
			isa = PBXGroup;
			children = (
				04BD929228BF381A009BCAC6 /* Department.swift */,
				04BD92A128BF4740009BCAC6 /* Item.swift */,
			);
			path = DTO;
			sourceTree = "<group>";
		};
		04BD929928BF3CF7009BCAC6 /* UserCell */ = {
			isa = PBXGroup;
			children = (
				04BD929728BF3CE5009BCAC6 /* UserTableViewCell.swift */,
			);
			path = UserCell;
			sourceTree = "<group>";
		};
		04BD92A028BF4731009BCAC6 /* Services */ = {
			isa = PBXGroup;
			children = (
				04BD92A328BF4757009BCAC6 /* Core */,
				04BD929428BF3828009BCAC6 /* DTO */,
				04BD92AF28BF4870009BCAC6 /* Networking */,
			);
			path = Services;
			sourceTree = "<group>";
		};
		04BD92A328BF4757009BCAC6 /* Core */ = {
			isa = PBXGroup;
			children = (
				04BD92A428BF475F009BCAC6 /* NetworkTask.swift */,
				04BD92A628BF477D009BCAC6 /* BaseNetworkTask.swift */,
				04BD92AB28BF47AC009BCAC6 /* HTTPMethod.swift */,
				04BD92AD28BF47B8009BCAC6 /* EmptyModel.swift */,
			);
			path = Core;
			sourceTree = "<group>";
		};
		04BD92AF28BF4870009BCAC6 /* Networking */ = {
			isa = PBXGroup;
			children = (
				04BD92B528BF48F7009BCAC6 /* ImageLoader */,
				04BD92B428BF489D009BCAC6 /* UsersService */,
				04BD92F028BF6FE9009BCAC6 /* NetworkMonitor */,
			);
			path = Networking;
			sourceTree = "<group>";
		};
		04BD92B428BF489D009BCAC6 /* UsersService */ = {
			isa = PBXGroup;
			children = (
				04BD92B028BF487F009BCAC6 /* UsersService.swift */,
				04BD92B228BF488E009BCAC6 /* UserModel.swift */,
			);
			path = UsersService;
			sourceTree = "<group>";
		};
		04BD92B528BF48F7009BCAC6 /* ImageLoader */ = {
			isa = PBXGroup;
			children = (
				04BD92B628BF48FF009BCAC6 /* ImageLoader.swift */,
				04BD92B828BF490F009BCAC6 /* UIImageView+ImageLoader.swift */,
			);
			path = ImageLoader;
			sourceTree = "<group>";
		};
		04BD92BC28BF49FF009BCAC6 /* Model */ = {
			isa = PBXGroup;
			children = (
				04BD929028BF37EA009BCAC6 /* TabCollectionViewCellModel.swift */,
				04BD92BA28BF49F7009BCAC6 /* UserTableViewCellModel.swift */,
			);
			path = Model;
			sourceTree = "<group>";
		};
		04BD92BF28BF5984009BCAC6 /* Foundation */ = {
			isa = PBXGroup;
			children = (
				04BD92BD28BF5980009BCAC6 /* Date+MonthDay.swift */,
				04BD92C028BF5B30009BCAC6 /* Int+Numbers.swift */,
				04BD92EC28BF6C09009BCAC6 /* Int+WordAge.swift */,
			);
			path = Foundation;
			sourceTree = "<group>";
		};
		04BD92C628BF6678009BCAC6 /* Filter */ = {
			isa = PBXGroup;
			children = (
				04BD92C728BF6686009BCAC6 /* View */,
				04BD92D228BF66E6009BCAC6 /* ViewModel */,
			);
			path = Filter;
			sourceTree = "<group>";
		};
		04BD92C728BF6686009BCAC6 /* View */ = {
			isa = PBXGroup;
			children = (
				04BD92C828BF668E009BCAC6 /* FilterViewController.swift */,
				04BD92CA28BF669F009BCAC6 /* FilterView.swift */,
				04BD92CE28BF66C3009BCAC6 /* RadioButtonController.swift */,
				04BD92CC28BF66B1009BCAC6 /* RadioButton.swift */,
			);
			path = View;
			sourceTree = "<group>";
		};
		04BD92D228BF66E6009BCAC6 /* ViewModel */ = {
			isa = PBXGroup;
			children = (
				04BD92D028BF66DC009BCAC6 /* FilterViewModel.swift */,
			);
			path = ViewModel;
			sourceTree = "<group>";
		};
		04BD92D528BF6AA7009BCAC6 /* Details */ = {
			isa = PBXGroup;
			children = (
				04BD92D628BF6AB1009BCAC6 /* View */,
				04BD92E728BF6BB5009BCAC6 /* Model */,
				04BD92D728BF6ABE009BCAC6 /* ViewModel */,
			);
			path = Details;
			sourceTree = "<group>";
		};
		04BD92D628BF6AB1009BCAC6 /* View */ = {
			isa = PBXGroup;
			children = (
				04BD92DE28BF6B3B009BCAC6 /* Cells */,
				04BD92D828BF6AED009BCAC6 /* DetailsViewController.swift */,
				04BD92DA28BF6B14009BCAC6 /* DetailsView.swift */,
				04BD92DC28BF6B2D009BCAC6 /* InfoTableView.swift */,
				04BD92EE28BF6CE5009BCAC6 /* BackBarButtonItem.swift */,
			);
			path = View;
			sourceTree = "<group>";
		};
		04BD92D728BF6ABE009BCAC6 /* ViewModel */ = {
			isa = PBXGroup;
			children = (
				04BD92E528BF6BA6009BCAC6 /* DetailsViewModel.swift */,
			);
			path = ViewModel;
			sourceTree = "<group>";
		};
		04BD92DE28BF6B3B009BCAC6 /* Cells */ = {
			isa = PBXGroup;
			children = (
				04BD931D28C10F6D009BCAC6 /* InfoCell */,
			);
			path = Cells;
			sourceTree = "<group>";
		};
		04BD92E728BF6BB5009BCAC6 /* Model */ = {
			isa = PBXGroup;
			children = (
				04BD932028C1117F009BCAC6 /* InfoTableViewCellModel.swift */,
			);
			path = Model;
			sourceTree = "<group>";
		};
		04BD92F028BF6FE9009BCAC6 /* NetworkMonitor */ = {
			isa = PBXGroup;
			children = (
				04BD92F128BF6FEF009BCAC6 /* NetworkMonitor.swift */,
			);
			path = NetworkMonitor;
			sourceTree = "<group>";
		};
		04BD92F928BF778B009BCAC6 /* InternalError */ = {
			isa = PBXGroup;
			children = (
				04BD92FA28BF7791009BCAC6 /* View */,
			);
			path = InternalError;
			sourceTree = "<group>";
		};
		04BD92FA28BF7791009BCAC6 /* View */ = {
			isa = PBXGroup;
			children = (
				04BD92F528BF76CC009BCAC6 /* InternalErrorViewController.swift */,
				04BD92F728BF76D0009BCAC6 /* InternalErrorView.swift */,
			);
			path = View;
			sourceTree = "<group>";
		};
		04BD931D28C10F6D009BCAC6 /* InfoCell */ = {
			isa = PBXGroup;
			children = (
				04BD931B28C10F61009BCAC6 /* InfoTableViewCell.swift */,
			);
			path = InfoCell;
			sourceTree = "<group>";
		};
		60BEB45A9A196D799887857E /* Pods */ = {
			isa = PBXGroup;
			children = (
				AFFA867C8A5FFDED63EE852D /* Pods-kode-practice.debug.xcconfig */,
				D4698D22B4AFDB35506F9D79 /* Pods-kode-practice.release.xcconfig */,
			);
			path = Pods;
			sourceTree = "<group>";
		};
		B81A639654B6FE8C35A3F00E /* Frameworks */ = {
			isa = PBXGroup;
			children = (
				894C511924CFB0ACD8484140 /* Pods_kode_practice.framework */,
			);
			name = Frameworks;
			sourceTree = "<group>";
		};
/* End PBXGroup section */

/* Begin PBXNativeTarget section */
		04B69F0128BE7B8E00430E72 /* kode-practice */ = {
			isa = PBXNativeTarget;
			buildConfigurationList = 04B69F1628BE7B9000430E72 /* Build configuration list for PBXNativeTarget "kode-practice" */;
			buildPhases = (
				3D0A71FBFEBFC5AA078D1D0C /* [CP] Check Pods Manifest.lock */,
				04B69EFE28BE7B8E00430E72 /* Sources */,
				04B69EFF28BE7B8E00430E72 /* Frameworks */,
				04B69F0028BE7B8E00430E72 /* Resources */,
				EB9B725C22F5161F066B0D7F /* [CP] Embed Pods Frameworks */,
			);
			buildRules = (
			);
			dependencies = (
			);
			name = "kode-practice";
			productName = "kode-practice";
			productReference = 04B69F0228BE7B8E00430E72 /* kode-practice.app */;
			productType = "com.apple.product-type.application";
		};
/* End PBXNativeTarget section */

/* Begin PBXProject section */
		04B69EFA28BE7B8E00430E72 /* Project object */ = {
			isa = PBXProject;
			attributes = {
				BuildIndependentTargetsInParallel = 1;
				LastSwiftUpdateCheck = 1330;
				LastUpgradeCheck = 1330;
				TargetAttributes = {
					04B69F0128BE7B8E00430E72 = {
						CreatedOnToolsVersion = 13.3.1;
					};
				};
			};
			buildConfigurationList = 04B69EFD28BE7B8E00430E72 /* Build configuration list for PBXProject "kode-practice" */;
			compatibilityVersion = "Xcode 13.0";
			developmentRegion = en;
			hasScannedForEncodings = 0;
			knownRegions = (
				en,
				Base,
				ru,
			);
			mainGroup = 04B69EF928BE7B8E00430E72;
			productRefGroup = 04B69F0328BE7B8E00430E72 /* Products */;
			projectDirPath = "";
			projectRoot = "";
			targets = (
				04B69F0128BE7B8E00430E72 /* kode-practice */,
			);
		};
/* End PBXProject section */

/* Begin PBXResourcesBuildPhase section */
		04B69F0028BE7B8E00430E72 /* Resources */ = {
			isa = PBXResourcesBuildPhase;
			buildActionMask = 2147483647;
			files = (
				04B69F2228BEA2FE00430E72 /* LaunchScreen.storyboard in Resources */,
				04B69F2F28BEB7D800430E72 /* Inter-SemiBold.otf in Resources */,
				04B69F2E28BEB7D800430E72 /* Inter-Medium.otf in Resources */,
				04B69F2D28BEB7D800430E72 /* Inter-Bold.ttf in Resources */,
				04B69F2C28BEB7D800430E72 /* Inter-Regular.otf in Resources */,
				04B69F1C28BEA24F00430E72 /* Localizable.strings in Resources */,
				04B69F0F28BE7B9000430E72 /* Assets.xcassets in Resources */,
			);
			runOnlyForDeploymentPostprocessing = 0;
		};
/* End PBXResourcesBuildPhase section */

/* Begin PBXShellScriptBuildPhase section */
		3D0A71FBFEBFC5AA078D1D0C /* [CP] Check Pods Manifest.lock */ = {
			isa = PBXShellScriptBuildPhase;
			buildActionMask = 2147483647;
			files = (
			);
			inputFileListPaths = (
			);
			inputPaths = (
				"${PODS_PODFILE_DIR_PATH}/Podfile.lock",
				"${PODS_ROOT}/Manifest.lock",
			);
			name = "[CP] Check Pods Manifest.lock";
			outputFileListPaths = (
			);
			outputPaths = (
				"$(DERIVED_FILE_DIR)/Pods-kode-practice-checkManifestLockResult.txt",
			);
			runOnlyForDeploymentPostprocessing = 0;
			shellPath = /bin/sh;
			shellScript = "diff \"${PODS_PODFILE_DIR_PATH}/Podfile.lock\" \"${PODS_ROOT}/Manifest.lock\" > /dev/null\nif [ $? != 0 ] ; then\n    # print error to STDERR\n    echo \"error: The sandbox is not in sync with the Podfile.lock. Run 'pod install' or update your CocoaPods installation.\" >&2\n    exit 1\nfi\n# This output is used by Xcode 'outputs' to avoid re-running this script phase.\necho \"SUCCESS\" > \"${SCRIPT_OUTPUT_FILE_0}\"\n";
			showEnvVarsInLog = 0;
		};
		EB9B725C22F5161F066B0D7F /* [CP] Embed Pods Frameworks */ = {
			isa = PBXShellScriptBuildPhase;
			buildActionMask = 2147483647;
			files = (
			);
			inputFileListPaths = (
				"${PODS_ROOT}/Target Support Files/Pods-kode-practice/Pods-kode-practice-frameworks-${CONFIGURATION}-input-files.xcfilelist",
			);
			name = "[CP] Embed Pods Frameworks";
			outputFileListPaths = (
				"${PODS_ROOT}/Target Support Files/Pods-kode-practice/Pods-kode-practice-frameworks-${CONFIGURATION}-output-files.xcfilelist",
			);
			runOnlyForDeploymentPostprocessing = 0;
			shellPath = /bin/sh;
			shellScript = "\"${PODS_ROOT}/Target Support Files/Pods-kode-practice/Pods-kode-practice-frameworks.sh\"\n";
			showEnvVarsInLog = 0;
		};
/* End PBXShellScriptBuildPhase section */

/* Begin PBXSourcesBuildPhase section */
		04B69EFE28BE7B8E00430E72 /* Sources */ = {
			isa = PBXSourcesBuildPhase;
			buildActionMask = 2147483647;
			files = (
				04BD92A228BF4740009BCAC6 /* Item.swift in Sources */,
				04BD932328C1E67F009BCAC6 /* UIViewController + TopBarHeight.swift in Sources */,
				04BD92BE28BF5980009BCAC6 /* Date+MonthDay.swift in Sources */,
				04BD92F428BF7067009BCAC6 /* NoInternetView.swift in Sources */,
				04BD92D428BF670B009BCAC6 /* FilterType.swift in Sources */,
				04BD92C128BF5B30009BCAC6 /* Int+Numbers.swift in Sources */,
				04BD929F28BF3D9E009BCAC6 /* GradientLayer.swift in Sources */,
				04BD927528BEC033009BCAC6 /* BaseViewController.swift in Sources */,
				04BD92B128BF487F009BCAC6 /* UsersService.swift in Sources */,
				04BD92D128BF66DC009BCAC6 /* FilterViewModel.swift in Sources */,
				04BD929628BF3C88009BCAC6 /* UserTableView.swift in Sources */,
				04BD92B728BF48FF009BCAC6 /* ImageLoader.swift in Sources */,
				04BD92A728BF477D009BCAC6 /* BaseNetworkTask.swift in Sources */,
				04BD92BB28BF49F7009BCAC6 /* UserTableViewCellModel.swift in Sources */,
				04BD932128C1117F009BCAC6 /* InfoTableViewCellModel.swift in Sources */,
				04BD92F828BF76D0009BCAC6 /* InternalErrorView.swift in Sources */,
				04BD927E28BEC687009BCAC6 /* MainView.swift in Sources */,
				04BD926B28BEB8D2009BCAC6 /* Resources.swift in Sources */,
				04BD926D28BEB960009BCAC6 /* UIColor+Hex.swift in Sources */,
				04BD927A28BEC2D9009BCAC6 /* Observable.swift in Sources */,
				04BD92E628BF6BA6009BCAC6 /* DetailsViewModel.swift in Sources */,
				04BD92CF28BF66C3009BCAC6 /* RadioButtonController.swift in Sources */,
				04BD928028BEC6B9009BCAC6 /* SearchBar.swift in Sources */,
				04BD929128BF37EA009BCAC6 /* TabCollectionViewCellModel.swift in Sources */,
				04BD92D928BF6AED009BCAC6 /* DetailsViewController.swift in Sources */,
				04BD92AE28BF47B8009BCAC6 /* EmptyModel.swift in Sources */,
				04BD928B28BF3724009BCAC6 /* ReuseIdentifiable.swift in Sources */,
				04BD92C328BF5B90009BCAC6 /* UserHeaderView.swift in Sources */,
				04BD92EF28BF6CE5009BCAC6 /* BackBarButtonItem.swift in Sources */,
				04BD928D28BF3781009BCAC6 /* MainViewModel.swift in Sources */,
				04BD92ED28BF6C09009BCAC6 /* Int+WordAge.swift in Sources */,
				04BD92F628BF76CD009BCAC6 /* InternalErrorViewController.swift in Sources */,
				04BD92DB28BF6B14009BCAC6 /* DetailsView.swift in Sources */,
				04BD92C928BF668E009BCAC6 /* FilterViewController.swift in Sources */,
				04BD929828BF3CE5009BCAC6 /* UserTableViewCell.swift in Sources */,
				04BD92B928BF490F009BCAC6 /* UIImageView+ImageLoader.swift in Sources */,
				04BD927728BEC047009BCAC6 /* BaseView.swift in Sources */,
				04BD928528BF36B9009BCAC6 /* TabsCollectionView.swift in Sources */,
				04BD92C528BF61D0009BCAC6 /* NoSearchResultView.swift in Sources */,
				04BD931C28C10F61009BCAC6 /* InfoTableViewCell.swift in Sources */,
				04BD92F228BF6FEF009BCAC6 /* NetworkMonitor.swift in Sources */,
				04BD92B328BF488E009BCAC6 /* UserModel.swift in Sources */,
				04BD92CD28BF66B1009BCAC6 /* RadioButton.swift in Sources */,
				04BD928728BF36D9009BCAC6 /* TabCollectionViewCell.swift in Sources */,
				04BD92CB28BF669F009BCAC6 /* FilterView.swift in Sources */,
				04BD92A528BF475F009BCAC6 /* NetworkTask.swift in Sources */,
				04B69F0A28BE7B8E00430E72 /* MainViewController.swift in Sources */,
				04BD92DD28BF6B2D009BCAC6 /* InfoTableView.swift in Sources */,
				04B69F0628BE7B8E00430E72 /* AppDelegate.swift in Sources */,
				04BD92AC28BF47AC009BCAC6 /* HTTPMethod.swift in Sources */,
				04BD928228BEC779009BCAC6 /* UIImage+ModifiedUISearchBarHeight.swift in Sources */,
				04BD929328BF381A009BCAC6 /* Department.swift in Sources */,
			);
			runOnlyForDeploymentPostprocessing = 0;
		};
/* End PBXSourcesBuildPhase section */

/* Begin PBXVariantGroup section */
		04B69F1E28BEA24F00430E72 /* Localizable.strings */ = {
			isa = PBXVariantGroup;
			children = (
				04B69F1D28BEA24F00430E72 /* en */,
				04B69F1F28BEA25100430E72 /* ru */,
			);
			name = Localizable.strings;
			sourceTree = "<group>";
		};
		04B69F2428BEA2FE00430E72 /* LaunchScreen.storyboard */ = {
			isa = PBXVariantGroup;
			children = (
				04B69F2328BEA2FE00430E72 /* Base */,
				04B69F2628BEA30100430E72 /* ru */,
			);
			name = LaunchScreen.storyboard;
			sourceTree = "<group>";
		};
/* End PBXVariantGroup section */

/* Begin XCBuildConfiguration section */
		04B69F1428BE7B9000430E72 /* Debug */ = {
			isa = XCBuildConfiguration;
			buildSettings = {
				ALWAYS_SEARCH_USER_PATHS = NO;
				CLANG_ANALYZER_LOCALIZABILITY_NONLOCALIZED = YES;
				CLANG_ANALYZER_NONNULL = YES;
				CLANG_ANALYZER_NUMBER_OBJECT_CONVERSION = YES_AGGRESSIVE;
				CLANG_CXX_LANGUAGE_STANDARD = "gnu++17";
				CLANG_ENABLE_MODULES = YES;
				CLANG_ENABLE_OBJC_ARC = YES;
				CLANG_ENABLE_OBJC_WEAK = YES;
				CLANG_WARN_BLOCK_CAPTURE_AUTORELEASING = YES;
				CLANG_WARN_BOOL_CONVERSION = YES;
				CLANG_WARN_COMMA = YES;
				CLANG_WARN_CONSTANT_CONVERSION = YES;
				CLANG_WARN_DEPRECATED_OBJC_IMPLEMENTATIONS = YES;
				CLANG_WARN_DIRECT_OBJC_ISA_USAGE = YES_ERROR;
				CLANG_WARN_DOCUMENTATION_COMMENTS = YES;
				CLANG_WARN_EMPTY_BODY = YES;
				CLANG_WARN_ENUM_CONVERSION = YES;
				CLANG_WARN_INFINITE_RECURSION = YES;
				CLANG_WARN_INT_CONVERSION = YES;
				CLANG_WARN_NON_LITERAL_NULL_CONVERSION = YES;
				CLANG_WARN_OBJC_IMPLICIT_RETAIN_SELF = YES;
				CLANG_WARN_OBJC_LITERAL_CONVERSION = YES;
				CLANG_WARN_OBJC_ROOT_CLASS = YES_ERROR;
				CLANG_WARN_QUOTED_INCLUDE_IN_FRAMEWORK_HEADER = YES;
				CLANG_WARN_RANGE_LOOP_ANALYSIS = YES;
				CLANG_WARN_STRICT_PROTOTYPES = YES;
				CLANG_WARN_SUSPICIOUS_MOVE = YES;
				CLANG_WARN_UNGUARDED_AVAILABILITY = YES_AGGRESSIVE;
				CLANG_WARN_UNREACHABLE_CODE = YES;
				CLANG_WARN__DUPLICATE_METHOD_MATCH = YES;
				COPY_PHASE_STRIP = NO;
				DEBUG_INFORMATION_FORMAT = dwarf;
				ENABLE_STRICT_OBJC_MSGSEND = YES;
				ENABLE_TESTABILITY = YES;
				GCC_C_LANGUAGE_STANDARD = gnu11;
				GCC_DYNAMIC_NO_PIC = NO;
				GCC_NO_COMMON_BLOCKS = YES;
				GCC_OPTIMIZATION_LEVEL = 0;
				GCC_PREPROCESSOR_DEFINITIONS = (
					"DEBUG=1",
					"$(inherited)",
				);
				GCC_WARN_64_TO_32_BIT_CONVERSION = YES;
				GCC_WARN_ABOUT_RETURN_TYPE = YES_ERROR;
				GCC_WARN_UNDECLARED_SELECTOR = YES;
				GCC_WARN_UNINITIALIZED_AUTOS = YES_AGGRESSIVE;
				GCC_WARN_UNUSED_FUNCTION = YES;
				GCC_WARN_UNUSED_VARIABLE = YES;
				IPHONEOS_DEPLOYMENT_TARGET = 15.4;
				MTL_ENABLE_DEBUG_INFO = INCLUDE_SOURCE;
				MTL_FAST_MATH = YES;
				ONLY_ACTIVE_ARCH = YES;
				SDKROOT = iphoneos;
				SWIFT_ACTIVE_COMPILATION_CONDITIONS = DEBUG;
				SWIFT_OPTIMIZATION_LEVEL = "-Onone";
			};
			name = Debug;
		};
		04B69F1528BE7B9000430E72 /* Release */ = {
			isa = XCBuildConfiguration;
			buildSettings = {
				ALWAYS_SEARCH_USER_PATHS = NO;
				CLANG_ANALYZER_LOCALIZABILITY_NONLOCALIZED = YES;
				CLANG_ANALYZER_NONNULL = YES;
				CLANG_ANALYZER_NUMBER_OBJECT_CONVERSION = YES_AGGRESSIVE;
				CLANG_CXX_LANGUAGE_STANDARD = "gnu++17";
				CLANG_ENABLE_MODULES = YES;
				CLANG_ENABLE_OBJC_ARC = YES;
				CLANG_ENABLE_OBJC_WEAK = YES;
				CLANG_WARN_BLOCK_CAPTURE_AUTORELEASING = YES;
				CLANG_WARN_BOOL_CONVERSION = YES;
				CLANG_WARN_COMMA = YES;
				CLANG_WARN_CONSTANT_CONVERSION = YES;
				CLANG_WARN_DEPRECATED_OBJC_IMPLEMENTATIONS = YES;
				CLANG_WARN_DIRECT_OBJC_ISA_USAGE = YES_ERROR;
				CLANG_WARN_DOCUMENTATION_COMMENTS = YES;
				CLANG_WARN_EMPTY_BODY = YES;
				CLANG_WARN_ENUM_CONVERSION = YES;
				CLANG_WARN_INFINITE_RECURSION = YES;
				CLANG_WARN_INT_CONVERSION = YES;
				CLANG_WARN_NON_LITERAL_NULL_CONVERSION = YES;
				CLANG_WARN_OBJC_IMPLICIT_RETAIN_SELF = YES;
				CLANG_WARN_OBJC_LITERAL_CONVERSION = YES;
				CLANG_WARN_OBJC_ROOT_CLASS = YES_ERROR;
				CLANG_WARN_QUOTED_INCLUDE_IN_FRAMEWORK_HEADER = YES;
				CLANG_WARN_RANGE_LOOP_ANALYSIS = YES;
				CLANG_WARN_STRICT_PROTOTYPES = YES;
				CLANG_WARN_SUSPICIOUS_MOVE = YES;
				CLANG_WARN_UNGUARDED_AVAILABILITY = YES_AGGRESSIVE;
				CLANG_WARN_UNREACHABLE_CODE = YES;
				CLANG_WARN__DUPLICATE_METHOD_MATCH = YES;
				COPY_PHASE_STRIP = NO;
				DEBUG_INFORMATION_FORMAT = "dwarf-with-dsym";
				ENABLE_NS_ASSERTIONS = NO;
				ENABLE_STRICT_OBJC_MSGSEND = YES;
				GCC_C_LANGUAGE_STANDARD = gnu11;
				GCC_NO_COMMON_BLOCKS = YES;
				GCC_WARN_64_TO_32_BIT_CONVERSION = YES;
				GCC_WARN_ABOUT_RETURN_TYPE = YES_ERROR;
				GCC_WARN_UNDECLARED_SELECTOR = YES;
				GCC_WARN_UNINITIALIZED_AUTOS = YES_AGGRESSIVE;
				GCC_WARN_UNUSED_FUNCTION = YES;
				GCC_WARN_UNUSED_VARIABLE = YES;
				IPHONEOS_DEPLOYMENT_TARGET = 15.4;
				MTL_ENABLE_DEBUG_INFO = NO;
				MTL_FAST_MATH = YES;
				SDKROOT = iphoneos;
				SWIFT_COMPILATION_MODE = wholemodule;
				SWIFT_OPTIMIZATION_LEVEL = "-O";
				VALIDATE_PRODUCT = YES;
			};
			name = Release;
		};
		04B69F1728BE7B9000430E72 /* Debug */ = {
			isa = XCBuildConfiguration;
			baseConfigurationReference = AFFA867C8A5FFDED63EE852D /* Pods-kode-practice.debug.xcconfig */;
			buildSettings = {
				ASSETCATALOG_COMPILER_APPICON_NAME = AppIcon;
				ASSETCATALOG_COMPILER_GLOBAL_ACCENT_COLOR_NAME = AccentColor;
				CODE_SIGN_STYLE = Automatic;
				CURRENT_PROJECT_VERSION = 1;
				DEVELOPMENT_TEAM = CSN823SSAY;
				GENERATE_INFOPLIST_FILE = YES;
				INFOPLIST_FILE = "kode-practice/Info.plist";
				INFOPLIST_KEY_UIApplicationSupportsIndirectInputEvents = YES;
				INFOPLIST_KEY_UILaunchStoryboardName = LaunchScreen;
				INFOPLIST_KEY_UISupportedInterfaceOrientations = UIInterfaceOrientationPortrait;
				INFOPLIST_KEY_UISupportedInterfaceOrientations_iPad = "UIInterfaceOrientationPortrait UIInterfaceOrientationPortraitUpsideDown UIInterfaceOrientationLandscapeLeft UIInterfaceOrientationLandscapeRight";
				INFOPLIST_KEY_UISupportedInterfaceOrientations_iPhone = "UIInterfaceOrientationPortrait UIInterfaceOrientationLandscapeLeft UIInterfaceOrientationLandscapeRight";
				IPHONEOS_DEPLOYMENT_TARGET = 13.0;
				LD_RUNPATH_SEARCH_PATHS = (
					"$(inherited)",
					"@executable_path/Frameworks",
				);
				MARKETING_VERSION = 1.0;
				PRODUCT_BUNDLE_IDENTIFIER = "com.mikhailchaus.kode-practice";
				PRODUCT_NAME = "$(TARGET_NAME)";
				SWIFT_EMIT_LOC_STRINGS = YES;
				SWIFT_VERSION = 5.0;
				TARGETED_DEVICE_FAMILY = 1;
			};
			name = Debug;
		};
		04B69F1828BE7B9000430E72 /* Release */ = {
			isa = XCBuildConfiguration;
			baseConfigurationReference = D4698D22B4AFDB35506F9D79 /* Pods-kode-practice.release.xcconfig */;
			buildSettings = {
				ASSETCATALOG_COMPILER_APPICON_NAME = AppIcon;
				ASSETCATALOG_COMPILER_GLOBAL_ACCENT_COLOR_NAME = AccentColor;
				CODE_SIGN_STYLE = Automatic;
				CURRENT_PROJECT_VERSION = 1;
				DEVELOPMENT_TEAM = CSN823SSAY;
				GENERATE_INFOPLIST_FILE = YES;
				INFOPLIST_FILE = "kode-practice/Info.plist";
				INFOPLIST_KEY_UIApplicationSupportsIndirectInputEvents = YES;
				INFOPLIST_KEY_UILaunchStoryboardName = LaunchScreen;
				INFOPLIST_KEY_UISupportedInterfaceOrientations = UIInterfaceOrientationPortrait;
				INFOPLIST_KEY_UISupportedInterfaceOrientations_iPad = "UIInterfaceOrientationPortrait UIInterfaceOrientationPortraitUpsideDown UIInterfaceOrientationLandscapeLeft UIInterfaceOrientationLandscapeRight";
				INFOPLIST_KEY_UISupportedInterfaceOrientations_iPhone = "UIInterfaceOrientationPortrait UIInterfaceOrientationLandscapeLeft UIInterfaceOrientationLandscapeRight";
				IPHONEOS_DEPLOYMENT_TARGET = 13.0;
				LD_RUNPATH_SEARCH_PATHS = (
					"$(inherited)",
					"@executable_path/Frameworks",
				);
				MARKETING_VERSION = 1.0;
				PRODUCT_BUNDLE_IDENTIFIER = "com.mikhailchaus.kode-practice";
				PRODUCT_NAME = "$(TARGET_NAME)";
				SWIFT_EMIT_LOC_STRINGS = YES;
				SWIFT_VERSION = 5.0;
				TARGETED_DEVICE_FAMILY = 1;
			};
			name = Release;
		};
/* End XCBuildConfiguration section */

/* Begin XCConfigurationList section */
		04B69EFD28BE7B8E00430E72 /* Build configuration list for PBXProject "kode-practice" */ = {
			isa = XCConfigurationList;
			buildConfigurations = (
				04B69F1428BE7B9000430E72 /* Debug */,
				04B69F1528BE7B9000430E72 /* Release */,
			);
			defaultConfigurationIsVisible = 0;
			defaultConfigurationName = Release;
		};
		04B69F1628BE7B9000430E72 /* Build configuration list for PBXNativeTarget "kode-practice" */ = {
			isa = XCConfigurationList;
			buildConfigurations = (
				04B69F1728BE7B9000430E72 /* Debug */,
				04B69F1828BE7B9000430E72 /* Release */,
			);
			defaultConfigurationIsVisible = 0;
			defaultConfigurationName = Release;
		};
/* End XCConfigurationList section */
	};
	rootObject = 04B69EFA28BE7B8E00430E72 /* Project object */;
}
